
Microsoft Visual Studio Solution File, Format Version 12.00
# Visual Studio Version 17
VisualStudioVersion = 17.1.32407.343
MinimumVisualStudioVersion = 10.0.40219.1
Project("{9A19103F-16F7-4668-BE54-9A1E7A4F7556}") = "UploadThing", "UploadThing\UploadThing.csproj", "{6B7A5D55-BEA1-4E43-8541-E17BB4F5C98F}"
EndProject
Project("{9A19103F-16F7-4668-BE54-9A1E7A4F7556}") = "UploadThing.Example.Console", "UploadThing.Example.Console\UploadThing.Example.Console.csproj", "{9FCEC53B-4A0E-4A93-969C-D16ACA67EC0A}"
EndProject
Project("{9A19103F-16F7-4668-BE54-9A1E7A4F7556}") = "UploadThing.Example.AspNetCoreMVC", "UploadThing.Example.AspNetCoreMVC\UploadThing.Example.AspNetCoreMVC.csproj", "{418B3F36-019F-4E97-88CD-AD02693CDDB3}"
EndProject
Project("{FAE04EC0-301F-11D3-BF4B-00C04F79EFBC}") = "UploadThing.Example.AspNetCoreWebAPI", "UploadThing.Example.AspNetCoreWebAPI\UploadThing.Example.AspNetCoreWebAPI.csproj", "{EA6C4C81-2A0E-4296-A12C-866FE53BB8F0}"
EndProject
Global
	GlobalSection(SolutionConfigurationPlatforms) = preSolution
		Debug|Any CPU = Debug|Any CPU
		Release|Any CPU = Release|Any CPU
	EndGlobalSection
	GlobalSection(ProjectConfigurationPlatforms) = postSolution
		{6B7A5D55-BEA1-4E43-8541-E17BB4F5C98F}.Debug|Any CPU.ActiveCfg = Debug|Any CPU
		{6B7A5D55-BEA1-4E43-8541-E17BB4F5C98F}.Debug|Any CPU.Build.0 = Debug|Any CPU
		{6B7A5D55-BEA1-4E43-8541-E17BB4F5C98F}.Release|Any CPU.ActiveCfg = Release|Any CPU
		{6B7A5D55-BEA1-4E43-8541-E17BB4F5C98F}.Release|Any CPU.Build.0 = Release|Any CPU
		{9FCEC53B-4A0E-4A93-969C-D16ACA67EC0A}.Debug|Any CPU.ActiveCfg = Debug|Any CPU
		{9FCEC53B-4A0E-4A93-969C-D16ACA67EC0A}.Debug|Any CPU.Build.0 = Debug|Any CPU
		{9FCEC53B-4A0E-4A93-969C-D16ACA67EC0A}.Release|Any CPU.ActiveCfg = Release|Any CPU
		{9FCEC53B-4A0E-4A93-969C-D16ACA67EC0A}.Release|Any CPU.Build.0 = Release|Any CPU
		{418B3F36-019F-4E97-88CD-AD02693CDDB3}.Debug|Any CPU.ActiveCfg = Debug|Any CPU
		{418B3F36-019F-4E97-88CD-AD02693CDDB3}.Debug|Any CPU.Build.0 = Debug|Any CPU
		{418B3F36-019F-4E97-88CD-AD02693CDDB3}.Release|Any CPU.ActiveCfg = Release|Any CPU
		{418B3F36-019F-4E97-88CD-AD02693CDDB3}.Release|Any CPU.Build.0 = Release|Any CPU
		{EA6C4C81-2A0E-4296-A12C-866FE53BB8F0}.Debug|Any CPU.ActiveCfg = Debug|Any CPU
		{EA6C4C81-2A0E-4296-A12C-866FE53BB8F0}.Debug|Any CPU.Build.0 = Debug|Any CPU
		{EA6C4C81-2A0E-4296-A12C-866FE53BB8F0}.Release|Any CPU.ActiveCfg = Release|Any CPU
		{EA6C4C81-2A0E-4296-A12C-866FE53BB8F0}.Release|Any CPU.Build.0 = Release|Any CPU
	EndGlobalSection
	GlobalSection(SolutionProperties) = preSolution
		HideSolutionNode = FALSE
	EndGlobalSection
	GlobalSection(ExtensibilityGlobals) = postSolution
		SolutionGuid = {345EC1C9-9FFB-43DD-8F02-2E47BAFC5D1F}
	EndGlobalSection
EndGlobal
